<?xml version="1.0" encoding="utf-8"?>
<Project ToolsVersion="4.0" xmlns="http://schemas.microsoft.com/developer/msbuild/2003">
  <ItemGroup>
    <ClCompile Include="closures\closures.cpp" />
    <ClCompile Include="rbx\execution\script_execution.cpp" />
    <ClCompile Include="rbx\globals\globalsfuncs.cpp" />
    <ClCompile Include="rbx\module.cpp" />
    <ClCompile Include="thirdparty-includes\luau\Compiler\src\BuiltinFolding.cpp" />
    <ClCompile Include="thirdparty-includes\luau\Compiler\src\Builtins.cpp" />
    <ClCompile Include="thirdparty-includes\luau\Compiler\src\BytecodeBuilder.cpp" />
    <ClCompile Include="thirdparty-includes\luau\Compiler\src\Compiler.cpp" />
    <ClCompile Include="thirdparty-includes\luau\Compiler\src\ConstantFolding.cpp" />
    <ClCompile Include="thirdparty-includes\luau\Compiler\src\CostModel.cpp" />
    <ClCompile Include="thirdparty-includes\luau\Compiler\src\lcode.cpp" />
    <ClCompile Include="thirdparty-includes\luau\Compiler\src\TableShape.cpp" />
    <ClCompile Include="thirdparty-includes\luau\Compiler\src\Types.cpp" />
    <ClCompile Include="thirdparty-includes\luau\Compiler\src\ValueTracking.cpp" />
    <ClCompile Include="thirdparty-includes\luau\VM\src\lapi.cpp" />
    <ClCompile Include="thirdparty-includes\luau\VM\src\laux.cpp" />
    <ClCompile Include="thirdparty-includes\luau\VM\src\lbaselib.cpp" />
    <ClCompile Include="thirdparty-includes\luau\VM\src\lbitlib.cpp" />
    <ClCompile Include="thirdparty-includes\luau\VM\src\lbuffer.cpp" />
    <ClCompile Include="thirdparty-includes\luau\VM\src\lbuflib.cpp" />
    <ClCompile Include="thirdparty-includes\luau\VM\src\lbuiltins.cpp" />
    <ClCompile Include="thirdparty-includes\luau\VM\src\lcorolib.cpp" />
    <ClCompile Include="thirdparty-includes\luau\VM\src\ldblib.cpp" />
    <ClCompile Include="thirdparty-includes\luau\VM\src\ldebug.cpp" />
    <ClCompile Include="thirdparty-includes\luau\VM\src\ldo.cpp" />
    <ClCompile Include="thirdparty-includes\luau\VM\src\lfunc.cpp" />
    <ClCompile Include="thirdparty-includes\luau\VM\src\lgc.cpp" />
    <ClCompile Include="thirdparty-includes\luau\VM\src\lgcdebug.cpp" />
    <ClCompile Include="thirdparty-includes\luau\VM\src\linit.cpp" />
    <ClCompile Include="thirdparty-includes\luau\VM\src\lmathlib.cpp" />
    <ClCompile Include="thirdparty-includes\luau\VM\src\lmem.cpp" />
    <ClCompile Include="thirdparty-includes\luau\VM\src\lnumprint.cpp" />
    <ClCompile Include="thirdparty-includes\luau\VM\src\lobject.cpp" />
    <ClCompile Include="thirdparty-includes\luau\VM\src\loslib.cpp" />
    <ClCompile Include="thirdparty-includes\luau\VM\src\lperf.cpp" />
    <ClCompile Include="thirdparty-includes\luau\VM\src\lstate.cpp" />
    <ClCompile Include="thirdparty-includes\luau\VM\src\lstring.cpp" />
    <ClCompile Include="thirdparty-includes\luau\VM\src\lstrlib.cpp" />
    <ClCompile Include="thirdparty-includes\luau\VM\src\ltable.cpp" />
    <ClCompile Include="thirdparty-includes\luau\VM\src\ltablib.cpp" />
    <ClCompile Include="thirdparty-includes\luau\VM\src\ltm.cpp" />
    <ClCompile Include="thirdparty-includes\luau\VM\src\ludata.cpp" />
    <ClCompile Include="thirdparty-includes\luau\VM\src\lutf8lib.cpp" />
    <ClCompile Include="thirdparty-includes\luau\VM\src\lvmexecute.cpp" />
    <ClCompile Include="thirdparty-includes\luau\VM\src\lvmload.cpp" />
    <ClCompile Include="thirdparty-includes\luau\VM\src\lvmutils.cpp" />
    <ClCompile Include="memory\memory.cpp" />
    <ClCompile Include="thirdparty-includes\luau\Ast\src\Ast.cpp" />
    <ClCompile Include="thirdparty-includes\luau\Ast\src\Confusables.cpp" />
    <ClCompile Include="thirdparty-includes\luau\Ast\src\Lexer.cpp" />
    <ClCompile Include="thirdparty-includes\luau\Ast\src\Location.cpp" />
    <ClCompile Include="thirdparty-includes\luau\Ast\src\Parser.cpp" />
    <ClCompile Include="thirdparty-includes\luau\Ast\src\StringUtils.cpp" />
    <ClCompile Include="thirdparty-includes\luau\Ast\src\TimeTrace.cpp" />
    <ClCompile Include="nativeloader.cpp" />
    <ClCompile Include="rbx\environment\environment.cpp" />
    <ClCompile Include="rbx\filesystem\filesystem.cpp" />
    <ClCompile Include="rbx\libraries.cpp" />
    <ClCompile Include="rbx\environment\libraries\global_env.cpp" />
    <ClCompile Include="rbx\environment\libraries\thread_management.cpp" />
    <ClCompile Include="rbx\environment\libraries\identity.cpp" />
    <ClCompile Include="rbx\environment\libraries\metatable_management.cpp" />
    <ClCompile Include="rbx\environment\libraries\network_functions.cpp" />
  </ItemGroup>
  <ItemGroup>
    <ClInclude Include="pch.h" />
    <ClInclude Include="closures\closures.hpp" />
    <ClInclude Include="rbx\execution\script_execution.hpp" />
    <ClInclude Include="rbx\globals\globals.hpp" />
    <ClInclude Include="rbx\globals\globalsfuncs.hpp" />
    <ClInclude Include="rbx\module.hpp" />
    <ClInclude Include="rbx\scripts\luaui.hpp" />
    <ClInclude Include="thirdparty-includes\luau\Common\include\Luau\Bytecode.h" />
    <ClInclude Include="thirdparty-includes\luau\Common\include\Luau\BytecodeUtils.h" />
    <ClInclude Include="thirdparty-includes\luau\Common\include\Luau\Common.h" />
    <ClInclude Include="thirdparty-includes\luau\Common\include\Luau\DenseHash.h" />
    <ClInclude Include="thirdparty-includes\luau\Common\include\Luau\ExperimentalFlags.h" />
    <ClInclude Include="thirdparty-includes\luau\Common\include\Luau\Variant.h" />
    <ClInclude Include="thirdparty-includes\luau\Common\include\Luau\VecDeque.h" />
    <ClInclude Include="thirdparty-includes\luau\Compiler\include\luacode.h" />
    <ClInclude Include="thirdparty-includes\luau\Compiler\include\Luau\BytecodeBuilder.h" />
    <ClInclude Include="thirdparty-includes\luau\Compiler\include\Luau\Compiler.h" />
    <ClInclude Include="thirdparty-includes\luau\Compiler\src\BuiltinFolding.h" />
    <ClInclude Include="thirdparty-includes\luau\Compiler\src\Builtins.h" />
    <ClInclude Include="thirdparty-includes\luau\Compiler\src\ConstantFolding.h" />
    <ClInclude Include="thirdparty-includes\luau\Compiler\src\CostModel.h" />
    <ClInclude Include="thirdparty-includes\luau\Compiler\src\TableShape.h" />
    <ClInclude Include="thirdparty-includes\luau\Compiler\src\Types.h" />
    <ClInclude Include="thirdparty-includes\luau\Compiler\src\ValueTracking.h" />
    <ClInclude Include="thirdparty-includes\luau\VM\include\lua.h" />
    <ClInclude Include="thirdparty-includes\luau\VM\include\luaconf.h" />
    <ClInclude Include="thirdparty-includes\luau\VM\include\lualib.h" />
    <ClInclude Include="thirdparty-includes\luau\VM\src\lapi.h" />
    <ClInclude Include="thirdparty-includes\luau\VM\src\lbuffer.h" />
    <ClInclude Include="thirdparty-includes\luau\VM\src\lbuiltins.h" />
    <ClInclude Include="thirdparty-includes\luau\VM\src\lbytecode.h" />
    <ClInclude Include="thirdparty-includes\luau\VM\src\lcommon.h" />
    <ClInclude Include="thirdparty-includes\luau\VM\src\ldebug.h" />
    <ClInclude Include="thirdparty-includes\luau\VM\src\ldo.h" />
    <ClInclude Include="thirdparty-includes\luau\VM\src\lfunc.h" />
    <ClInclude Include="thirdparty-includes\luau\VM\src\lgc.h" />
    <ClInclude Include="thirdparty-includes\luau\VM\src\lmem.h" />
    <ClInclude Include="thirdparty-includes\luau\VM\src\lnumutils.h" />
    <ClInclude Include="thirdparty-includes\luau\VM\src\lobject.h" />
    <ClInclude Include="thirdparty-includes\luau\VM\src\lstate.h" />
    <ClInclude Include="thirdparty-includes\luau\VM\src\lstring.h" />
    <ClInclude Include="thirdparty-includes\luau\VM\src\ltable.h" />
    <ClInclude Include="thirdparty-includes\luau\VM\src\ltm.h" />
    <ClInclude Include="thirdparty-includes\luau\VM\src\ludata.h" />
    <ClInclude Include="thirdparty-includes\luau\VM\src\lvm.h" />
    <ClInclude Include="memory\memory.hpp" />
    <ClInclude Include="thirdparty-includes\luau\Ast\include\Luau\Confusables.h" />
    <ClInclude Include="thirdparty-includes\luau\Ast\include\Luau\Lexer.h" />
    <ClInclude Include="thirdparty-includes\luau\Ast\include\Luau\Location.h" />
    <ClInclude Include="thirdparty-includes\luau\Ast\include\Luau\ParseOptions.h" />
    <ClInclude Include="thirdparty-includes\luau\Ast\include\Luau\Parser.h" />
    <ClInclude Include="thirdparty-includes\luau\Ast\include\Luau\ParseResult.h" />
    <ClInclude Include="thirdparty-includes\luau\Ast\include\Luau\StringUtils.h" />
    <ClInclude Include="thirdparty-includes\luau\Ast\include\Luau\TimeTrace.h" />
    <ClInclude Include="..\..\..\..\Desktop\FrostWareVM\FrostAndroid\luau\Ast\include\Luau\Ast.h" />
    <ClInclude Include="logs.h" />
    <ClInclude Include="rbx\environment\environment.hpp" />
    <ClInclude Include="rbx\filesystem\filesystem.hpp" />
    <ClInclude Include="thirdparty-includes\ghc\filesystem.hpp" />
    <ClInclude Include="thirdparty-includes\ghc\fs_fwd.hpp" />
    <ClInclude Include="thirdparty-includes\ghc\fs_impl.hpp" />
    <ClInclude Include="thirdparty-includes\ghc\fs_std.hpp" />
    <ClInclude Include="thirdparty-includes\ghc\fs_std_fwd.hpp" />
    <ClInclude Include="thirdparty-includes\ghc\fs_std_impl.hpp" />
    <ClInclude Include="rbx\libraries.hpp" />
  </ItemGroup>
  <ItemGroup>
    <None Include="rbx\environment\libraries\registry.hpp" />
  </ItemGroup>
</Project>